
Microsoft Visual Studio Solution File, Format Version 12.00
# Visual Studio 15
VisualStudioVersion = 15.0.28307.271
MinimumVisualStudioVersion = 10.0.40219.1
Project("{FAE04EC0-301F-11D3-BF4B-00C04F79EFBC}") = "ConsoleApp2", "ConsoleApp2\ConsoleApp2.csproj", "{226214A0-4B64-4837-8033-CCA085D7AFCF}"
EndProject
Global
	GlobalSection(SolutionConfigurationPlatforms) = preSolution
		Debug|Any CPU = Debug|Any CPU
		Release|Any CPU = Release|Any CPU
	EndGlobalSection
	GlobalSection(ProjectConfigurationPlatforms) = postSolution
		{226214A0-4B64-4837-8033-CCA085D7AFCF}.Debug|Any CPU.ActiveCfg = Debug|Any CPU
		{226214A0-4B64-4837-8033-CCA085D7AFCF}.Debug|Any CPU.Build.0 = Debug|Any CPU
		{226214A0-4B64-4837-8033-CCA085D7AFCF}.Release|Any CPU.ActiveCfg = Release|Any CPU
		{226214A0-4B64-4837-8033-CCA085D7AFCF}.Release|Any CPU.Build.0 = Release|Any CPU
	EndGlobalSection
	GlobalSection(SolutionProperties) = preSolution
		HideSolutionNode = FALSE
	EndGlobalSection
	GlobalSection(ExtensibilityGlobals) = postSolution
		SolutionGuid = {B30BFF64-C685-495B-887F-26F239C486E1}
	EndGlobalSection
EndGlobal
