
Microsoft Visual Studio Solution File, Format Version 12.00
# Visual Studio 15
VisualStudioVersion = 15.0.28307.489
MinimumVisualStudioVersion = 10.0.40219.1
Project("{9A19103F-16F7-4668-BE54-9A1E7A4F7556}") = "HerancaPolimorfismo", "HerancaPolimorfismo\HerancaPolimorfismo.csproj", "{7B7B4DA7-F128-4F02-9A2E-F036A8E3453C}"
EndProject
Project("{9A19103F-16F7-4668-BE54-9A1E7A4F7556}") = "Teste", "Teste\Teste.csproj", "{A1E63FCA-3336-404A-9F4D-E08B4E151B4B}"
EndProject
Project("{9A19103F-16F7-4668-BE54-9A1E7A4F7556}") = "ExercicioFuncionario", "ExercicioFuncionario\ExercicioFuncionario.csproj", "{BCBA040A-BB7B-405F-9250-67CD5FEE5035}"
EndProject
Project("{9A19103F-16F7-4668-BE54-9A1E7A4F7556}") = "ClasseAbstratas", "ClasseMetodosAbstratos\ClasseAbstratas.csproj", "{B75081AF-076A-4086-A56B-D01A2E659B6D}"
EndProject
Project("{9A19103F-16F7-4668-BE54-9A1E7A4F7556}") = "MetodoAbstratos", "MetodoAbstratos\MetodoAbstratos.csproj", "{18B21710-406C-4B3B-8AAF-516867D2DCFF}"
EndProject
Project("{FAE04EC0-301F-11D3-BF4B-00C04F79EFBC}") = "Desafio", "Desafio\Desafio.csproj", "{FABD1385-4224-400F-976F-65C43BAADDF1}"
EndProject
Global
	GlobalSection(SolutionConfigurationPlatforms) = preSolution
		Debug|Any CPU = Debug|Any CPU
		Release|Any CPU = Release|Any CPU
	EndGlobalSection
	GlobalSection(ProjectConfigurationPlatforms) = postSolution
		{7B7B4DA7-F128-4F02-9A2E-F036A8E3453C}.Debug|Any CPU.ActiveCfg = Debug|Any CPU
		{7B7B4DA7-F128-4F02-9A2E-F036A8E3453C}.Debug|Any CPU.Build.0 = Debug|Any CPU
		{7B7B4DA7-F128-4F02-9A2E-F036A8E3453C}.Release|Any CPU.ActiveCfg = Release|Any CPU
		{7B7B4DA7-F128-4F02-9A2E-F036A8E3453C}.Release|Any CPU.Build.0 = Release|Any CPU
		{A1E63FCA-3336-404A-9F4D-E08B4E151B4B}.Debug|Any CPU.ActiveCfg = Debug|Any CPU
		{A1E63FCA-3336-404A-9F4D-E08B4E151B4B}.Debug|Any CPU.Build.0 = Debug|Any CPU
		{A1E63FCA-3336-404A-9F4D-E08B4E151B4B}.Release|Any CPU.ActiveCfg = Release|Any CPU
		{A1E63FCA-3336-404A-9F4D-E08B4E151B4B}.Release|Any CPU.Build.0 = Release|Any CPU
		{BCBA040A-BB7B-405F-9250-67CD5FEE5035}.Debug|Any CPU.ActiveCfg = Debug|Any CPU
		{BCBA040A-BB7B-405F-9250-67CD5FEE5035}.Debug|Any CPU.Build.0 = Debug|Any CPU
		{BCBA040A-BB7B-405F-9250-67CD5FEE5035}.Release|Any CPU.ActiveCfg = Release|Any CPU
		{BCBA040A-BB7B-405F-9250-67CD5FEE5035}.Release|Any CPU.Build.0 = Release|Any CPU
		{B75081AF-076A-4086-A56B-D01A2E659B6D}.Debug|Any CPU.ActiveCfg = Debug|Any CPU
		{B75081AF-076A-4086-A56B-D01A2E659B6D}.Debug|Any CPU.Build.0 = Debug|Any CPU
		{B75081AF-076A-4086-A56B-D01A2E659B6D}.Release|Any CPU.ActiveCfg = Release|Any CPU
		{B75081AF-076A-4086-A56B-D01A2E659B6D}.Release|Any CPU.Build.0 = Release|Any CPU
		{18B21710-406C-4B3B-8AAF-516867D2DCFF}.Debug|Any CPU.ActiveCfg = Debug|Any CPU
		{18B21710-406C-4B3B-8AAF-516867D2DCFF}.Debug|Any CPU.Build.0 = Debug|Any CPU
		{18B21710-406C-4B3B-8AAF-516867D2DCFF}.Release|Any CPU.ActiveCfg = Release|Any CPU
		{18B21710-406C-4B3B-8AAF-516867D2DCFF}.Release|Any CPU.Build.0 = Release|Any CPU
		{FABD1385-4224-400F-976F-65C43BAADDF1}.Debug|Any CPU.ActiveCfg = Debug|Any CPU
		{FABD1385-4224-400F-976F-65C43BAADDF1}.Debug|Any CPU.Build.0 = Debug|Any CPU
		{FABD1385-4224-400F-976F-65C43BAADDF1}.Release|Any CPU.ActiveCfg = Release|Any CPU
		{FABD1385-4224-400F-976F-65C43BAADDF1}.Release|Any CPU.Build.0 = Release|Any CPU
	EndGlobalSection
	GlobalSection(SolutionProperties) = preSolution
		HideSolutionNode = FALSE
	EndGlobalSection
	GlobalSection(ExtensibilityGlobals) = postSolution
		SolutionGuid = {21A3AA1F-2AB0-49D9-886A-A73009F8385B}
	EndGlobalSection
EndGlobal
