
Microsoft Visual Studio Solution File, Format Version 12.00
# Visual Studio 15
VisualStudioVersion = 15.0.28307.271
MinimumVisualStudioVersion = 10.0.40219.1
Project("{FAE04EC0-301F-11D3-BF4B-00C04F79EFBC}") = "Vetor2", "Vetor2\Vetor2.csproj", "{7AF7E854-F4AE-4B7D-A2B5-04627122EFAC}"
EndProject
Global
	GlobalSection(SolutionConfigurationPlatforms) = preSolution
		Debug|Any CPU = Debug|Any CPU
		Release|Any CPU = Release|Any CPU
	EndGlobalSection
	GlobalSection(ProjectConfigurationPlatforms) = postSolution
		{7AF7E854-F4AE-4B7D-A2B5-04627122EFAC}.Debug|Any CPU.ActiveCfg = Debug|Any CPU
		{7AF7E854-F4AE-4B7D-A2B5-04627122EFAC}.Debug|Any CPU.Build.0 = Debug|Any CPU
		{7AF7E854-F4AE-4B7D-A2B5-04627122EFAC}.Release|Any CPU.ActiveCfg = Release|Any CPU
		{7AF7E854-F4AE-4B7D-A2B5-04627122EFAC}.Release|Any CPU.Build.0 = Release|Any CPU
	EndGlobalSection
	GlobalSection(SolutionProperties) = preSolution
		HideSolutionNode = FALSE
	EndGlobalSection
	GlobalSection(ExtensibilityGlobals) = postSolution
		SolutionGuid = {01AD048F-FBE1-46AB-8C27-468B8208D9B4}
	EndGlobalSection
EndGlobal
