
Microsoft Visual Studio Solution File, Format Version 12.00
# Visual Studio 15
VisualStudioVersion = 15.0.28307.421
MinimumVisualStudioVersion = 10.0.40219.1
Project("{FAE04EC0-301F-11D3-BF4B-00C04F79EFBC}") = "Enumeracoes", "Enumeracoes\Enumeracoes.csproj", "{FBEA2A51-1C7A-4ABC-9504-E765A048208B}"
EndProject
Global
	GlobalSection(SolutionConfigurationPlatforms) = preSolution
		Debug|Any CPU = Debug|Any CPU
		Release|Any CPU = Release|Any CPU
	EndGlobalSection
	GlobalSection(ProjectConfigurationPlatforms) = postSolution
		{FBEA2A51-1C7A-4ABC-9504-E765A048208B}.Debug|Any CPU.ActiveCfg = Debug|Any CPU
		{FBEA2A51-1C7A-4ABC-9504-E765A048208B}.Debug|Any CPU.Build.0 = Debug|Any CPU
		{FBEA2A51-1C7A-4ABC-9504-E765A048208B}.Release|Any CPU.ActiveCfg = Release|Any CPU
		{FBEA2A51-1C7A-4ABC-9504-E765A048208B}.Release|Any CPU.Build.0 = Release|Any CPU
	EndGlobalSection
	GlobalSection(SolutionProperties) = preSolution
		HideSolutionNode = FALSE
	EndGlobalSection
	GlobalSection(ExtensibilityGlobals) = postSolution
		SolutionGuid = {5C98878B-23FA-42D3-8DD4-9076E2F9A551}
	EndGlobalSection
EndGlobal
