
Microsoft Visual Studio Solution File, Format Version 12.00
# Visual Studio 15
VisualStudioVersion = 15.0.28307.438
MinimumVisualStudioVersion = 10.0.40219.1
Project("{FAE04EC0-301F-11D3-BF4B-00C04F79EFBC}") = "StringBuilderExercicio", "StringBuilder\StringBuilderExercicio.csproj", "{DCD327C5-8132-4098-8650-5E1FE2799387}"
EndProject
Global
	GlobalSection(SolutionConfigurationPlatforms) = preSolution
		Debug|Any CPU = Debug|Any CPU
		Release|Any CPU = Release|Any CPU
	EndGlobalSection
	GlobalSection(ProjectConfigurationPlatforms) = postSolution
		{DCD327C5-8132-4098-8650-5E1FE2799387}.Debug|Any CPU.ActiveCfg = Debug|Any CPU
		{DCD327C5-8132-4098-8650-5E1FE2799387}.Debug|Any CPU.Build.0 = Debug|Any CPU
		{DCD327C5-8132-4098-8650-5E1FE2799387}.Release|Any CPU.ActiveCfg = Release|Any CPU
		{DCD327C5-8132-4098-8650-5E1FE2799387}.Release|Any CPU.Build.0 = Release|Any CPU
	EndGlobalSection
	GlobalSection(SolutionProperties) = preSolution
		HideSolutionNode = FALSE
	EndGlobalSection
	GlobalSection(ExtensibilityGlobals) = postSolution
		SolutionGuid = {E75E585B-A28F-43EE-B4FC-F0C4D4C9CE84}
	EndGlobalSection
EndGlobal
