
Microsoft Visual Studio Solution File, Format Version 12.00
# Visual Studio 15
VisualStudioVersion = 15.0.28307.329
MinimumVisualStudioVersion = 10.0.40219.1
Project("{9A19103F-16F7-4668-BE54-9A1E7A4F7556}") = "Conjuntos", "Conjuntos\Conjuntos.csproj", "{37016316-A851-4EB6-A9AA-3EFDDFAE4DD2}"
EndProject
Project("{9A19103F-16F7-4668-BE54-9A1E7A4F7556}") = "ExercicioDeFixacao", "ExercicioDeFixacao\ExercicioDeFixacao.csproj", "{7BD75474-490B-452B-9697-D5DCA27C3DE6}"
EndProject
Project("{FAE04EC0-301F-11D3-BF4B-00C04F79EFBC}") = "Conjuntoex", "Conjuntoex\Conjuntoex.csproj", "{D558A9F2-989A-497C-9B95-9EE21A95B5A1}"
EndProject
Global
	GlobalSection(SolutionConfigurationPlatforms) = preSolution
		Debug|Any CPU = Debug|Any CPU
		Release|Any CPU = Release|Any CPU
	EndGlobalSection
	GlobalSection(ProjectConfigurationPlatforms) = postSolution
		{37016316-A851-4EB6-A9AA-3EFDDFAE4DD2}.Debug|Any CPU.ActiveCfg = Debug|Any CPU
		{37016316-A851-4EB6-A9AA-3EFDDFAE4DD2}.Debug|Any CPU.Build.0 = Debug|Any CPU
		{37016316-A851-4EB6-A9AA-3EFDDFAE4DD2}.Release|Any CPU.ActiveCfg = Release|Any CPU
		{37016316-A851-4EB6-A9AA-3EFDDFAE4DD2}.Release|Any CPU.Build.0 = Release|Any CPU
		{7BD75474-490B-452B-9697-D5DCA27C3DE6}.Debug|Any CPU.ActiveCfg = Debug|Any CPU
		{7BD75474-490B-452B-9697-D5DCA27C3DE6}.Debug|Any CPU.Build.0 = Debug|Any CPU
		{7BD75474-490B-452B-9697-D5DCA27C3DE6}.Release|Any CPU.ActiveCfg = Release|Any CPU
		{7BD75474-490B-452B-9697-D5DCA27C3DE6}.Release|Any CPU.Build.0 = Release|Any CPU
		{D558A9F2-989A-497C-9B95-9EE21A95B5A1}.Debug|Any CPU.ActiveCfg = Debug|Any CPU
		{D558A9F2-989A-497C-9B95-9EE21A95B5A1}.Debug|Any CPU.Build.0 = Debug|Any CPU
		{D558A9F2-989A-497C-9B95-9EE21A95B5A1}.Release|Any CPU.ActiveCfg = Release|Any CPU
		{D558A9F2-989A-497C-9B95-9EE21A95B5A1}.Release|Any CPU.Build.0 = Release|Any CPU
	EndGlobalSection
	GlobalSection(SolutionProperties) = preSolution
		HideSolutionNode = FALSE
	EndGlobalSection
	GlobalSection(ExtensibilityGlobals) = postSolution
		SolutionGuid = {081908B7-454B-4827-BD8D-B8CE57B36B5D}
	EndGlobalSection
EndGlobal
